Microsoft Visual Studio Solution File, Format Version 7.00
Project("{8BC9CEB8-8B4A-11D0-8D11-00A0C91BC942}") = "Hemavathi", "Hemavathi.vcproj", "{6D5CCADB-29C3-4EBD-9C3B-178AEE4F568D}"
EndProject
Global
	GlobalSection(SolutionConfiguration) = preSolution
		ConfigName.0 = Debug
		ConfigName.1 = Release
	EndGlobalSection
	GlobalSection(ProjectDependencies) = postSolution
	EndGlobalSection
	GlobalSection(ProjectConfiguration) = postSolution
		{6D5CCADB-29C3-4EBD-9C3B-178AEE4F568D}.Debug.ActiveCfg = Debug|Win32
		{6D5CCADB-29C3-4EBD-9C3B-178AEE4F568D}.Debug.Build.0 = Debug|Win32
		{6D5CCADB-29C3-4EBD-9C3B-178AEE4F568D}.Release.ActiveCfg = Release|Win32
		{6D5CCADB-29C3-4EBD-9C3B-178AEE4F568D}.Release.Build.0 = Release|Win32
	EndGlobalSection
	GlobalSection(ExtensibilityGlobals) = postSolution
	EndGlobalSection
	GlobalSection(ExtensibilityAddIns) = postSolution
	EndGlobalSection
EndGlobal
