Microsoft Visual Studio Solution File, Format Version 7.00
Project("{8BC9CEB8-8B4A-11D0-8D11-00A0C91BC942}") = "Sharavathi", "Sharavathi.vcproj", "{0DA3FB92-9E54-4A58-A74E-F8DF5BF63611}"
EndProject
Global
	GlobalSection(SolutionConfiguration) = preSolution
		ConfigName.0 = Debug
		ConfigName.1 = Release
	EndGlobalSection
	GlobalSection(ProjectDependencies) = postSolution
	EndGlobalSection
	GlobalSection(ProjectConfiguration) = postSolution
		{0DA3FB92-9E54-4A58-A74E-F8DF5BF63611}.Debug.ActiveCfg = Debug|Win32
		{0DA3FB92-9E54-4A58-A74E-F8DF5BF63611}.Debug.Build.0 = Debug|Win32
		{0DA3FB92-9E54-4A58-A74E-F8DF5BF63611}.Release.ActiveCfg = Release|Win32
		{0DA3FB92-9E54-4A58-A74E-F8DF5BF63611}.Release.Build.0 = Release|Win32
	EndGlobalSection
	GlobalSection(ExtensibilityGlobals) = postSolution
	EndGlobalSection
	GlobalSection(ExtensibilityAddIns) = postSolution
	EndGlobalSection
EndGlobal
